
Microsoft Visual Studio Solution File, Format Version 12.00
# Visual Studio 2013
VisualStudioVersion = 12.0.21005.1
MinimumVisualStudioVersion = 10.0.40219.1
Project("{FAE04EC0-301F-11D3-BF4B-00C04F79EFBC}") = "Rss", "Rss\Rss.csproj", "{5FDA8646-F4C5-4940-8CAE-D63878412AFA}"
EndProject
Global
	GlobalSection(SolutionConfigurationPlatforms) = preSolution
		Debug|Any CPU = Debug|Any CPU
		Release|Any CPU = Release|Any CPU
	EndGlobalSection
	GlobalSection(ProjectConfigurationPlatforms) = postSolution
		{5FDA8646-F4C5-4940-8CAE-D63878412AFA}.Debug|Any CPU.ActiveCfg = Debug|Any CPU
		{5FDA8646-F4C5-4940-8CAE-D63878412AFA}.Debug|Any CPU.Build.0 = Debug|Any CPU
		{5FDA8646-F4C5-4940-8CAE-D63878412AFA}.Release|Any CPU.ActiveCfg = Release|Any CPU
		{5FDA8646-F4C5-4940-8CAE-D63878412AFA}.Release|Any CPU.Build.0 = Release|Any CPU
	EndGlobalSection
	GlobalSection(SolutionProperties) = preSolution
		HideSolutionNode = FALSE
	EndGlobalSection
EndGlobal
